// !$*UTF8*$!
{
	archiveVersion = 1;
	classes = {
	};
	objectVersion = 46;
	objects = {

/* Begin PBXBuildFile section */
		0565DDF6BF4254B7DEF890A6 /* Pods_testAppTests.framework in Frameworks */ = {isa = PBXBuildFile; fileRef = 30A006A5073C556D2462FD74 /* Pods_testAppTests.framework */; };
		6E6200C39AF97288CACB769C /* Pods_testApp.framework in Frameworks */ = {isa = PBXBuildFile; fileRef = B5D42D2EEBEC15C082EF1B67 /* Pods_testApp.framework */; };
		C4ABE7EE1E3B7EB900399167 /* AppDelegate.swift in Sources */ = {isa = PBXBuildFile; fileRef = C4ABE7ED1E3B7EB900399167 /* AppDelegate.swift */; };
		C4ABE7F01E3B7EB900399167 /* ViewController.swift in Sources */ = {isa = PBXBuildFile; fileRef = C4ABE7EF1E3B7EB900399167 /* ViewController.swift */; };
		C4ABE7F51E3B7EB900399167 /* Assets.xcassets in Resources */ = {isa = PBXBuildFile; fileRef = C4ABE7F41E3B7EB900399167 /* Assets.xcassets */; };
		C4ABE7F81E3B7EB900399167 /* LaunchScreen.storyboard in Resources */ = {isa = PBXBuildFile; fileRef = C4ABE7F61E3B7EB900399167 /* LaunchScreen.storyboard */; };
		C4ABE8031E3B7EB900399167 /* testAppTests.swift in Sources */ = {isa = PBXBuildFile; fileRef = C4ABE8021E3B7EB900399167 /* testAppTests.swift */; };
		C4ABE80E1E3B7EB900399167 /* testAppUITests.swift in Sources */ = {isa = PBXBuildFile; fileRef = C4ABE80D1E3B7EB900399167 /* testAppUITests.swift */; };
		C4EB2EEE1E3B9DBF00445D41 /* FacebookProfileViewController.swift in Sources */ = {isa = PBXBuildFile; fileRef = C4EB2EED1E3B9DBF00445D41 /* FacebookProfileViewController.swift */; };
		D4630F61E2C383CDFF88F3C0 /* Pods_testAppUITests.framework in Frameworks */ = {isa = PBXBuildFile; fileRef = A3E8809972019350FF538E93 /* Pods_testAppUITests.framework */; };
/* End PBXBuildFile section */

/* Begin PBXContainerItemProxy section */
		C4ABE7FF1E3B7EB900399167 /* PBXContainerItemProxy */ = {
			isa = PBXContainerItemProxy;
			containerPortal = C4ABE7E21E3B7EB900399167 /* Project object */;
			proxyType = 1;
			remoteGlobalIDString = C4ABE7E91E3B7EB900399167;
			remoteInfo = testApp;
		};
		C4ABE80A1E3B7EB900399167 /* PBXContainerItemProxy */ = {
			isa = PBXContainerItemProxy;
			containerPortal = C4ABE7E21E3B7EB900399167 /* Project object */;
			proxyType = 1;
			remoteGlobalIDString = C4ABE7E91E3B7EB900399167;
			remoteInfo = testApp;
		};
/* End PBXContainerItemProxy section */

/* Begin PBXFileReference section */
		0C40F402F3A4B460F784FA20 /* Pods-testAppUITests.release.xcconfig */ = {isa = PBXFileReference; includeInIndex = 1; lastKnownFileType = text.xcconfig; name = "Pods-testAppUITests.release.xcconfig"; path = "Pods/Target Support Files/Pods-testAppUITests/Pods-testAppUITests.release.xcconfig"; sourceTree = "<group>"; };
		2923D0DEC1841716988FC55D /* Pods-testApp.debug.xcconfig */ = {isa = PBXFileReference; includeInIndex = 1; lastKnownFileType = text.xcconfig; name = "Pods-testApp.debug.xcconfig"; path = "Pods/Target Support Files/Pods-testApp/Pods-testApp.debug.xcconfig"; sourceTree = "<group>"; };
		30A006A5073C556D2462FD74 /* Pods_testAppTests.framework */ = {isa = PBXFileReference; explicitFileType = wrapper.framework; includeInIndex = 0; path = Pods_testAppTests.framework; sourceTree = BUILT_PRODUCTS_DIR; };
		7624767BBC690DED6208E525 /* Pods-testAppUITests.debug.xcconfig */ = {isa = PBXFileReference; includeInIndex = 1; lastKnownFileType = text.xcconfig; name = "Pods-testAppUITests.debug.xcconfig"; path = "Pods/Target Support Files/Pods-testAppUITests/Pods-testAppUITests.debug.xcconfig"; sourceTree = "<group>"; };
		7EB9199C6CF1994F181129C1 /* Pods-testAppTests.release.xcconfig */ = {isa = PBXFileReference; includeInIndex = 1; lastKnownFileType = text.xcconfig; name = "Pods-testAppTests.release.xcconfig"; path = "Pods/Target Support Files/Pods-testAppTests/Pods-testAppTests.release.xcconfig"; sourceTree = "<group>"; };
		8E5C8564F4A6FE0C675D7BED /* Pods-testApp.release.xcconfig */ = {isa = PBXFileReference; includeInIndex = 1; lastKnownFileType = text.xcconfig; name = "Pods-testApp.release.xcconfig"; path = "Pods/Target Support Files/Pods-testApp/Pods-testApp.release.xcconfig"; sourceTree = "<group>"; };
		A3E8809972019350FF538E93 /* Pods_testAppUITests.framework */ = {isa = PBXFileReference; explicitFileType = wrapper.framework; includeInIndex = 0; path = Pods_testAppUITests.framework; sourceTree = BUILT_PRODUCTS_DIR; };
		B5D42D2EEBEC15C082EF1B67 /* Pods_testApp.framework */ = {isa = PBXFileReference; explicitFileType = wrapper.framework; includeInIndex = 0; path = Pods_testApp.framework; sourceTree = BUILT_PRODUCTS_DIR; };
		C4ABE7EA1E3B7EB900399167 /* testApp.app */ = {isa = PBXFileReference; explicitFileType = wrapper.application; includeInIndex = 0; path = testApp.app; sourceTree = BUILT_PRODUCTS_DIR; };
		C4ABE7ED1E3B7EB900399167 /* AppDelegate.swift */ = {isa = PBXFileReference; lastKnownFileType = sourcecode.swift; path = AppDelegate.swift; sourceTree = "<group>"; };
		C4ABE7EF1E3B7EB900399167 /* ViewController.swift */ = {isa = PBXFileReference; lastKnownFileType = sourcecode.swift; path = ViewController.swift; sourceTree = "<group>"; };
		C4ABE7F41E3B7EB900399167 /* Assets.xcassets */ = {isa = PBXFileReference; lastKnownFileType = folder.assetcatalog; path = Assets.xcassets; sourceTree = "<group>"; };
		C4ABE7F71E3B7EB900399167 /* Base */ = {isa = PBXFileReference; lastKnownFileType = file.storyboard; name = Base; path = Base.lproj/LaunchScreen.storyboard; sourceTree = "<group>"; };
		C4ABE7F91E3B7EB900399167 /* Info.plist */ = {isa = PBXFileReference; lastKnownFileType = text.plist.xml; path = Info.plist; sourceTree = "<group>"; };
		C4ABE7FE1E3B7EB900399167 /* testAppTests.xctest */ = {isa = PBXFileReference; explicitFileType = wrapper.cfbundle; includeInIndex = 0; path = testAppTests.xctest; sourceTree = BUILT_PRODUCTS_DIR; };
		C4ABE8021E3B7EB900399167 /* testAppTests.swift */ = {isa = PBXFileReference; lastKnownFileType = sourcecode.swift; path = testAppTests.swift; sourceTree = "<group>"; };
		C4ABE8041E3B7EB900399167 /* Info.plist */ = {isa = PBXFileReference; lastKnownFileType = text.plist.xml; path = Info.plist; sourceTree = "<group>"; };
		C4ABE8091E3B7EB900399167 /* testAppUITests.xctest */ = {isa = PBXFileReference; explicitFileType = wrapper.cfbundle; includeInIndex = 0; path = testAppUITests.xctest; sourceTree = BUILT_PRODUCTS_DIR; };
		C4ABE80D1E3B7EB900399167 /* testAppUITests.swift */ = {isa = PBXFileReference; lastKnownFileType = sourcecode.swift; path = testAppUITests.swift; sourceTree = "<group>"; };
		C4ABE80F1E3B7EB900399167 /* Info.plist */ = {isa = PBXFileReference; lastKnownFileType = text.plist.xml; path = Info.plist; sourceTree = "<group>"; };
		C4EB2EEC1E3B878700445D41 /* testApp.entitlements */ = {isa = PBXFileReference; lastKnownFileType = text.plist.entitlements; path = testApp.entitlements; sourceTree = "<group>"; };
		C4EB2EED1E3B9DBF00445D41 /* FacebookProfileViewController.swift */ = {isa = PBXFileReference; fileEncoding = 4; lastKnownFileType = sourcecode.swift; path = FacebookProfileViewController.swift; sourceTree = "<group>"; };
		CE9868AB16D6A921C747B99B /* Pods-testAppTests.debug.xcconfig */ = {isa = PBXFileReference; includeInIndex = 1; lastKnownFileType = text.xcconfig; name = "Pods-testAppTests.debug.xcconfig"; path = "Pods/Target Support Files/Pods-testAppTests/Pods-testAppTests.debug.xcconfig"; sourceTree = "<group>"; };
/* End PBXFileReference section */

/* Begin PBXFrameworksBuildPhase section */
		C4ABE7E71E3B7EB900399167 /* Frameworks */ = {
			isa = PBXFrameworksBuildPhase;
			buildActionMask = 2147483647;
			files = (
				6E6200C39AF97288CACB769C /* Pods_testApp.framework in Frameworks */,
			);
			runOnlyForDeploymentPostprocessing = 0;
		};
		C4ABE7FB1E3B7EB900399167 /* Frameworks */ = {
			isa = PBXFrameworksBuildPhase;
			buildActionMask = 2147483647;
			files = (
				0565DDF6BF4254B7DEF890A6 /* Pods_testAppTests.framework in Frameworks */,
			);
			runOnlyForDeploymentPostprocessing = 0;
		};
		C4ABE8061E3B7EB900399167 /* Frameworks */ = {
			isa = PBXFrameworksBuildPhase;
			buildActionMask = 2147483647;
			files = (
				D4630F61E2C383CDFF88F3C0 /* Pods_testAppUITests.framework in Frameworks */,
			);
			runOnlyForDeploymentPostprocessing = 0;
		};
/* End PBXFrameworksBuildPhase section */

/* Begin PBXGroup section */
		84F1851A35C00271FEDEE65D /* Frameworks */ = {
			isa = PBXGroup;
			children = (
				B5D42D2EEBEC15C082EF1B67 /* Pods_testApp.framework */,
				30A006A5073C556D2462FD74 /* Pods_testAppTests.framework */,
				A3E8809972019350FF538E93 /* Pods_testAppUITests.framework */,
			);
			name = Frameworks;
			sourceTree = "<group>";
		};
		C4ABE7E11E3B7EB900399167 = {
			isa = PBXGroup;
			children = (
				C4ABE7EC1E3B7EB900399167 /* testApp */,
				C4ABE8011E3B7EB900399167 /* testAppTests */,
				C4ABE80C1E3B7EB900399167 /* testAppUITests */,
				C4ABE7EB1E3B7EB900399167 /* Products */,
				CB354462B8C482E71EA58B91 /* Pods */,
				84F1851A35C00271FEDEE65D /* Frameworks */,
			);
			sourceTree = "<group>";
		};
		C4ABE7EB1E3B7EB900399167 /* Products */ = {
			isa = PBXGroup;
			children = (
				C4ABE7EA1E3B7EB900399167 /* testApp.app */,
				C4ABE7FE1E3B7EB900399167 /* testAppTests.xctest */,
				C4ABE8091E3B7EB900399167 /* testAppUITests.xctest */,
			);
			name = Products;
			sourceTree = "<group>";
		};
		C4ABE7EC1E3B7EB900399167 /* testApp */ = {
			isa = PBXGroup;
			children = (
				C4EB2EEC1E3B878700445D41 /* testApp.entitlements */,
				C4ABE7ED1E3B7EB900399167 /* AppDelegate.swift */,
				C4ABE7EF1E3B7EB900399167 /* ViewController.swift */,
				C4EB2EED1E3B9DBF00445D41 /* FacebookProfileViewController.swift */,
				C4ABE7F41E3B7EB900399167 /* Assets.xcassets */,
				C4ABE7F61E3B7EB900399167 /* LaunchScreen.storyboard */,
				C4ABE7F91E3B7EB900399167 /* Info.plist */,
			);
			path = testApp;
			sourceTree = "<group>";
		};
		C4ABE8011E3B7EB900399167 /* testAppTests */ = {
			isa = PBXGroup;
			children = (
				C4ABE8021E3B7EB900399167 /* testAppTests.swift */,
				C4ABE8041E3B7EB900399167 /* Info.plist */,
			);
			path = testAppTests;
			sourceTree = "<group>";
		};
		C4ABE80C1E3B7EB900399167 /* testAppUITests */ = {
			isa = PBXGroup;
			children = (
				C4ABE80D1E3B7EB900399167 /* testAppUITests.swift */,
				C4ABE80F1E3B7EB900399167 /* Info.plist */,
			);
			path = testAppUITests;
			sourceTree = "<group>";
		};
		CB354462B8C482E71EA58B91 /* Pods */ = {
			isa = PBXGroup;
			children = (
				2923D0DEC1841716988FC55D /* Pods-testApp.debug.xcconfig */,
				8E5C8564F4A6FE0C675D7BED /* Pods-testApp.release.xcconfig */,
				CE9868AB16D6A921C747B99B /* Pods-testAppTests.debug.xcconfig */,
				7EB9199C6CF1994F181129C1 /* Pods-testAppTests.release.xcconfig */,
				7624767BBC690DED6208E525 /* Pods-testAppUITests.debug.xcconfig */,
				0C40F402F3A4B460F784FA20 /* Pods-testAppUITests.release.xcconfig */,
			);
			name = Pods;
			sourceTree = "<group>";
		};
/* End PBXGroup section */

/* Begin PBXNativeTarget section */
		C4ABE7E91E3B7EB900399167 /* testApp */ = {
			isa = PBXNativeTarget;
			buildConfigurationList = C4ABE8121E3B7EBA00399167 /* Build configuration list for PBXNativeTarget "testApp" */;
			buildPhases = (
				149A2A1D0E1325469BC60594 /* [CP] Check Pods Manifest.lock */,
				C4ABE7E61E3B7EB900399167 /* Sources */,
				C4ABE7E71E3B7EB900399167 /* Frameworks */,
				C4ABE7E81E3B7EB900399167 /* Resources */,
				C65514086F0F225ED86E9483 /* [CP] Embed Pods Frameworks */,
				A8A20160BE390F828FB658A3 /* [CP] Copy Pods Resources */,
			);
			buildRules = (
			);
			dependencies = (
			);
			name = testApp;
			productName = testApp;
			productReference = C4ABE7EA1E3B7EB900399167 /* testApp.app */;
			productType = "com.apple.product-type.application";
		};
		C4ABE7FD1E3B7EB900399167 /* testAppTests */ = {
			isa = PBXNativeTarget;
			buildConfigurationList = C4ABE8151E3B7EBA00399167 /* Build configuration list for PBXNativeTarget "testAppTests" */;
			buildPhases = (
				E51AE6D773A68FCD02FE0A96 /* [CP] Check Pods Manifest.lock */,
				C4ABE7FA1E3B7EB900399167 /* Sources */,
				C4ABE7FB1E3B7EB900399167 /* Frameworks */,
				C4ABE7FC1E3B7EB900399167 /* Resources */,
				120CA566FF1C0F5DE900594B /* [CP] Embed Pods Frameworks */,
				4277421777A6ABD803318943 /* [CP] Copy Pods Resources */,
			);
			buildRules = (
			);
			dependencies = (
				C4ABE8001E3B7EB900399167 /* PBXTargetDependency */,
			);
			name = testAppTests;
			productName = testAppTests;
			productReference = C4ABE7FE1E3B7EB900399167 /* testAppTests.xctest */;
			productType = "com.apple.product-type.bundle.unit-test";
		};
		C4ABE8081E3B7EB900399167 /* testAppUITests */ = {
			isa = PBXNativeTarget;
			buildConfigurationList = C4ABE8181E3B7EBA00399167 /* Build configuration list for PBXNativeTarget "testAppUITests" */;
			buildPhases = (
				9E364B828F48EB50A09DDB3B /* [CP] Check Pods Manifest.lock */,
				C4ABE8051E3B7EB900399167 /* Sources */,
				C4ABE8061E3B7EB900399167 /* Frameworks */,
				C4ABE8071E3B7EB900399167 /* Resources */,
				B70FA85CCC583AA87F52944B /* [CP] Embed Pods Frameworks */,
				BA6D8E4B8D759ADB3FAB9EC5 /* [CP] Copy Pods Resources */,
			);
			buildRules = (
			);
			dependencies = (
				C4ABE80B1E3B7EB900399167 /* PBXTargetDependency */,
			);
			name = testAppUITests;
			productName = testAppUITests;
			productReference = C4ABE8091E3B7EB900399167 /* testAppUITests.xctest */;
			productType = "com.apple.product-type.bundle.ui-testing";
		};
/* End PBXNativeTarget section */

/* Begin PBXProject section */
		C4ABE7E21E3B7EB900399167 /* Project object */ = {
			isa = PBXProject;
			attributes = {
				LastSwiftUpdateCheck = 0820;
				LastUpgradeCheck = 0820;
				ORGANIZATIONNAME = "Álvaro Martín";
				TargetAttributes = {
					C4ABE7E91E3B7EB900399167 = {
						CreatedOnToolsVersion = 8.2.1;
						DevelopmentTeam = 7PT7X3EV7C;
						ProvisioningStyle = Automatic;
						SystemCapabilities = {
							com.apple.Keychain = {
								enabled = 1;
							};
						};
					};
					C4ABE7FD1E3B7EB900399167 = {
						CreatedOnToolsVersion = 8.2.1;
						DevelopmentTeam = 7PT7X3EV7C;
						ProvisioningStyle = Automatic;
						TestTargetID = C4ABE7E91E3B7EB900399167;
					};
					C4ABE8081E3B7EB900399167 = {
						CreatedOnToolsVersion = 8.2.1;
						DevelopmentTeam = 7PT7X3EV7C;
						ProvisioningStyle = Automatic;
						TestTargetID = C4ABE7E91E3B7EB900399167;
					};
				};
			};
			buildConfigurationList = C4ABE7E51E3B7EB900399167 /* Build configuration list for PBXProject "testApp" */;
			compatibilityVersion = "Xcode 3.2";
			developmentRegion = English;
			hasScannedForEncodings = 0;
			knownRegions = (
				en,
				Base,
			);
			mainGroup = C4ABE7E11E3B7EB900399167;
			productRefGroup = C4ABE7EB1E3B7EB900399167 /* Products */;
			projectDirPath = "";
			projectRoot = "";
			targets = (
				C4ABE7E91E3B7EB900399167 /* testApp */,
				C4ABE7FD1E3B7EB900399167 /* testAppTests */,
				C4ABE8081E3B7EB900399167 /* testAppUITests */,
			);
		};
/* End PBXProject section */

/* Begin PBXResourcesBuildPhase section */
		C4ABE7E81E3B7EB900399167 /* Resources */ = {
			isa = PBXResourcesBuildPhase;
			buildActionMask = 2147483647;
			files = (
				C4ABE7F81E3B7EB900399167 /* LaunchScreen.storyboard in Resources */,
				C4ABE7F51E3B7EB900399167 /* Assets.xcassets in Resources */,
			);
			runOnlyForDeploymentPostprocessing = 0;
		};
		C4ABE7FC1E3B7EB900399167 /* Resources */ = {
			isa = PBXResourcesBuildPhase;
			buildActionMask = 2147483647;
			files = (
			);
			runOnlyForDeploymentPostprocessing = 0;
		};
		C4ABE8071E3B7EB900399167 /* Resources */ = {
			isa = PBXResourcesBuildPhase;
			buildActionMask = 2147483647;
			files = (
			);
			runOnlyForDeploymentPostprocessing = 0;
		};
/* End PBXResourcesBuildPhase section */

/* Begin PBXShellScriptBuildPhase section */
		120CA566FF1C0F5DE900594B /* [CP] Embed Pods Frameworks */ = {
			isa = PBXShellScriptBuildPhase;
			buildActionMask = 2147483647;
			files = (
			);
			inputPaths = (
			);
			name = "[CP] Embed Pods Frameworks";
			outputPaths = (
			);
			runOnlyForDeploymentPostprocessing = 0;
			shellPath = /bin/sh;
			shellScript = "\"${SRCROOT}/Pods/Target Support Files/Pods-testAppTests/Pods-testAppTests-frameworks.sh\"\n";
			showEnvVarsInLog = 0;
		};
		149A2A1D0E1325469BC60594 /* [CP] Check Pods Manifest.lock */ = {
			isa = PBXShellScriptBuildPhase;
			buildActionMask = 2147483647;
			files = (
			);
			inputPaths = (
			);
			name = "[CP] Check Pods Manifest.lock";
			outputPaths = (
			);
			runOnlyForDeploymentPostprocessing = 0;
			shellPath = /bin/sh;
			shellScript = "diff \"${PODS_ROOT}/../Podfile.lock\" \"${PODS_ROOT}/Manifest.lock\" > /dev/null\nif [ $? != 0 ] ; then\n    # print error to STDERR\n    echo \"error: The sandbox is not in sync with the Podfile.lock. Run 'pod install' or update your CocoaPods installation.\" >&2\n    exit 1\nfi\n";
			showEnvVarsInLog = 0;
		};
		4277421777A6ABD803318943 /* [CP] Copy Pods Resources */ = {
			isa = PBXShellScriptBuildPhase;
			buildActionMask = 2147483647;
			files = (
			);
			inputPaths = (
			);
			name = "[CP] Copy Pods Resources";
			outputPaths = (
			);
			runOnlyForDeploymentPostprocessing = 0;
			shellPath = /bin/sh;
			shellScript = "\"${SRCROOT}/Pods/Target Support Files/Pods-testAppTests/Pods-testAppTests-resources.sh\"\n";
			showEnvVarsInLog = 0;
		};
		9E364B828F48EB50A09DDB3B /* [CP] Check Pods Manifest.lock */ = {
			isa = PBXShellScriptBuildPhase;
			buildActionMask = 2147483647;
			files = (
			);
			inputPaths = (
			);
			name = "[CP] Check Pods Manifest.lock";
			outputPaths = (
			);
			runOnlyForDeploymentPostprocessing = 0;
			shellPath = /bin/sh;
			shellScript = "diff \"${PODS_ROOT}/../Podfile.lock\" \"${PODS_ROOT}/Manifest.lock\" > /dev/null\nif [ $? != 0 ] ; then\n    # print error to STDERR\n    echo \"error: The sandbox is not in sync with the Podfile.lock. Run 'pod install' or update your CocoaPods installation.\" >&2\n    exit 1\nfi\n";
			showEnvVarsInLog = 0;
		};
		A8A20160BE390F828FB658A3 /* [CP] Copy Pods Resources */ = {
			isa = PBXShellScriptBuildPhase;
			buildActionMask = 2147483647;
			files = (
			);
			inputPaths = (
			);
			name = "[CP] Copy Pods Resources";
			outputPaths = (
			);
			runOnlyForDeploymentPostprocessing = 0;
			shellPath = /bin/sh;
			shellScript = "\"${SRCROOT}/Pods/Target Support Files/Pods-testApp/Pods-testApp-resources.sh\"\n";
			showEnvVarsInLog = 0;
		};
		B70FA85CCC583AA87F52944B /* [CP] Embed Pods Frameworks */ = {
			isa = PBXShellScriptBuildPhase;
			buildActionMask = 2147483647;
			files = (
			);
			inputPaths = (
			);
			name = "[CP] Embed Pods Frameworks";
			outputPaths = (
			);
			runOnlyForDeploymentPostprocessing = 0;
			shellPath = /bin/sh;
			shellScript = "\"${SRCROOT}/Pods/Target Support Files/Pods-testAppUITests/Pods-testAppUITests-frameworks.sh\"\n";
			showEnvVarsInLog = 0;
		};
		BA6D8E4B8D759ADB3FAB9EC5 /* [CP] Copy Pods Resources */ = {
			isa = PBXShellScriptBuildPhase;
			buildActionMask = 2147483647;
			files = (
			);
			inputPaths = (
			);
			name = "[CP] Copy Pods Resources";
			outputPaths = (
			);
			runOnlyForDeploymentPostprocessing = 0;
			shellPath = /bin/sh;
			shellScript = "\"${SRCROOT}/Pods/Target Support Files/Pods-testAppUITests/Pods-testAppUITests-resources.sh\"\n";
			showEnvVarsInLog = 0;
		};
		C65514086F0F225ED86E9483 /* [CP] Embed Pods Frameworks */ = {
			isa = PBXShellScriptBuildPhase;
			buildActionMask = 2147483647;
			files = (
			);
			inputPaths = (
			);
			name = "[CP] Embed Pods Frameworks";
			outputPaths = (
			);
			runOnlyForDeploymentPostprocessing = 0;
			shellPath = /bin/sh;
			shellScript = "\"${SRCROOT}/Pods/Target Support Files/Pods-testApp/Pods-testApp-frameworks.sh\"\n";
			showEnvVarsInLog = 0;
		};
		E51AE6D773A68FCD02FE0A96 /* [CP] Check Pods Manifest.lock */ = {
			isa = PBXShellScriptBuildPhase;
			buildActionMask = 2147483647;
			files = (
			);
			inputPaths = (
			);
			name = "[CP] Check Pods Manifest.lock";
			outputPaths = (
			);
			runOnlyForDeploymentPostprocessing = 0;
			shellPath = /bin/sh;
			shellScript = "diff \"${PODS_ROOT}/../Podfile.lock\" \"${PODS_ROOT}/Manifest.lock\" > /dev/null\nif [ $? != 0 ] ; then\n    # print error to STDERR\n    echo \"error: The sandbox is not in sync with the Podfile.lock. Run 'pod install' or update your CocoaPods installation.\" >&2\n    exit 1\nfi\n";
			showEnvVarsInLog = 0;
		};
/* End PBXShellScriptBuildPhase section */

/* Begin PBXSourcesBuildPhase section */
		C4ABE7E61E3B7EB900399167 /* Sources */ = {
			isa = PBXSourcesBuildPhase;
			buildActionMask = 2147483647;
			files = (
				C4ABE7F01E3B7EB900399167 /* ViewController.swift in Sources */,
				C4EB2EEE1E3B9DBF00445D41 /* FacebookProfileViewController.swift in Sources */,
				C4ABE7EE1E3B7EB900399167 /* AppDelegate.swift in Sources */,
			);
			runOnlyForDeploymentPostprocessing = 0;
		};
		C4ABE7FA1E3B7EB900399167 /* Sources */ = {
			isa = PBXSourcesBuildPhase;
			buildActionMask = 2147483647;
			files = (
				C4ABE8031E3B7EB900399167 /* testAppTests.swift in Sources */,
			);
			runOnlyForDeploymentPostprocessing = 0;
		};
		C4ABE8051E3B7EB900399167 /* Sources */ = {
			isa = PBXSourcesBuildPhase;
			buildActionMask = 2147483647;
			files = (
				C4ABE80E1E3B7EB900399167 /* testAppUITests.swift in Sources */,
			);
			runOnlyForDeploymentPostprocessing = 0;
		};
/* End PBXSourcesBuildPhase section */

/* Begin PBXTargetDependency section */
		C4ABE8001E3B7EB900399167 /* PBXTargetDependency */ = {
			isa = PBXTargetDependency;
			target = C4ABE7E91E3B7EB900399167 /* testApp */;
			targetProxy = C4ABE7FF1E3B7EB900399167 /* PBXContainerItemProxy */;
		};
		C4ABE80B1E3B7EB900399167 /* PBXTargetDependency */ = {
			isa = PBXTargetDependency;
			target = C4ABE7E91E3B7EB900399167 /* testApp */;
			targetProxy = C4ABE80A1E3B7EB900399167 /* PBXContainerItemProxy */;
		};
/* End PBXTargetDependency section */

/* Begin PBXVariantGroup section */
		C4ABE7F61E3B7EB900399167 /* LaunchScreen.storyboard */ = {
			isa = PBXVariantGroup;
			children = (
				C4ABE7F71E3B7EB900399167 /* Base */,
			);
			name = LaunchScreen.storyboard;
			sourceTree = "<group>";
		};
/* End PBXVariantGroup section */

/* Begin XCBuildConfiguration section */
		C4ABE8101E3B7EB900399167 /* Debug */ = {
			isa = XCBuildConfiguration;
			buildSettings = {
				ALWAYS_SEARCH_USER_PATHS = NO;
				CLANG_ANALYZER_NONNULL = YES;
				CLANG_CXX_LANGUAGE_STANDARD = "gnu++0x";
				CLANG_CXX_LIBRARY = "libc++";
				CLANG_ENABLE_MODULES = YES;
				CLANG_ENABLE_OBJC_ARC = YES;
				CLANG_WARN_BOOL_CONVERSION = YES;
				CLANG_WARN_CONSTANT_CONVERSION = YES;
				CLANG_WARN_DIRECT_OBJC_ISA_USAGE = YES_ERROR;
				CLANG_WARN_DOCUMENTATION_COMMENTS = YES;
				CLANG_WARN_EMPTY_BODY = YES;
				CLANG_WARN_ENUM_CONVERSION = YES;
				CLANG_WARN_INFINITE_RECURSION = YES;
				CLANG_WARN_INT_CONVERSION = YES;
				CLANG_WARN_OBJC_ROOT_CLASS = YES_ERROR;
				CLANG_WARN_SUSPICIOUS_MOVE = YES;
				CLANG_WARN_UNREACHABLE_CODE = YES;
				CLANG_WARN__DUPLICATE_METHOD_MATCH = YES;
				"CODE_SIGN_IDENTITY[sdk=iphoneos*]" = "iPhone Developer";
				COPY_PHASE_STRIP = NO;
				DEBUG_INFORMATION_FORMAT = dwarf;
				ENABLE_STRICT_OBJC_MSGSEND = YES;
				ENABLE_TESTABILITY = YES;
				GCC_C_LANGUAGE_STANDARD = gnu99;
				GCC_DYNAMIC_NO_PIC = NO;
				GCC_NO_COMMON_BLOCKS = YES;
				GCC_OPTIMIZATION_LEVEL = 0;
				GCC_PREPROCESSOR_DEFINITIONS = (
					"DEBUG=1",
					"$(inherited)",
				);
				GCC_WARN_64_TO_32_BIT_CONVERSION = YES;
				GCC_WARN_ABOUT_RETURN_TYPE = YES_ERROR;
				GCC_WARN_UNDECLARED_SELECTOR = YES;
				GCC_WARN_UNINITIALIZED_AUTOS = YES_AGGRESSIVE;
				GCC_WARN_UNUSED_FUNCTION = YES;
				GCC_WARN_UNUSED_VARIABLE = YES;
				IPHONEOS_DEPLOYMENT_TARGET = 10.2;
				MTL_ENABLE_DEBUG_INFO = YES;
				ONLY_ACTIVE_ARCH = YES;
				SDKROOT = iphoneos;
				SWIFT_ACTIVE_COMPILATION_CONDITIONS = DEBUG;
				SWIFT_OPTIMIZATION_LEVEL = "-Onone";
				TARGETED_DEVICE_FAMILY = "1,2";
			};
			name = Debug;
		};
		C4ABE8111E3B7EB900399167 /* Release */ = {
			isa = XCBuildConfiguration;
			buildSettings = {
				ALWAYS_SEARCH_USER_PATHS = NO;
				CLANG_ANALYZER_NONNULL = YES;
				CLANG_CXX_LANGUAGE_STANDARD = "gnu++0x";
				CLANG_CXX_LIBRARY = "libc++";
				CLANG_ENABLE_MODULES = YES;
				CLANG_ENABLE_OBJC_ARC = YES;
				CLANG_WARN_BOOL_CONVERSION = YES;
				CLANG_WARN_CONSTANT_CONVERSION = YES;
				CLANG_WARN_DIRECT_OBJC_ISA_USAGE = YES_ERROR;
				CLANG_WARN_DOCUMENTATION_COMMENTS = YES;
				CLANG_WARN_EMPTY_BODY = YES;
				CLANG_WARN_ENUM_CONVERSION = YES;
				CLANG_WARN_INFINITE_RECURSION = YES;
				CLANG_WARN_INT_CONVERSION = YES;
				CLANG_WARN_OBJC_ROOT_CLASS = YES_ERROR;
				CLANG_WARN_SUSPICIOUS_MOVE = YES;
				CLANG_WARN_UNREACHABLE_CODE = YES;
				CLANG_WARN__DUPLICATE_METHOD_MATCH = YES;
				"CODE_SIGN_IDENTITY[sdk=iphoneos*]" = "iPhone Developer";
				COPY_PHASE_STRIP = NO;
				DEBUG_INFORMATION_FORMAT = "dwarf-with-dsym";
				ENABLE_NS_ASSERTIONS = NO;
				ENABLE_STRICT_OBJC_MSGSEND = YES;
				GCC_C_LANGUAGE_STANDARD = gnu99;
				GCC_NO_COMMON_BLOCKS = YES;
				GCC_WARN_64_TO_32_BIT_CONVERSION = YES;
				GCC_WARN_ABOUT_RETURN_TYPE = YES_ERROR;
				GCC_WARN_UNDECLARED_SELECTOR = YES;
				GCC_WARN_UNINITIALIZED_AUTOS = YES_AGGRESSIVE;
				GCC_WARN_UNUSED_FUNCTION = YES;
				GCC_WARN_UNUSED_VARIABLE = YES;
				IPHONEOS_DEPLOYMENT_TARGET = 10.2;
				MTL_ENABLE_DEBUG_INFO = NO;
				SDKROOT = iphoneos;
				SWIFT_OPTIMIZATION_LEVEL = "-Owholemodule";
				TARGETED_DEVICE_FAMILY = "1,2";
				VALIDATE_PRODUCT = YES;
			};
			name = Release;
		};
		C4ABE8131E3B7EBA00399167 /* Debug */ = {
			isa = XCBuildConfiguration;
			baseConfigurationReference = 2923D0DEC1841716988FC55D /* Pods-testApp.debug.xcconfig */;
			buildSettings = {
				ASSETCATALOG_COMPILER_APPICON_NAME = AppIcon;
				CODE_SIGN_ENTITLEMENTS = testApp/testApp.entitlements;
				DEVELOPMENT_TEAM = 7PT7X3EV7C;
				INFOPLIST_FILE = testApp/Info.plist;
				LD_RUNPATH_SEARCH_PATHS = "$(inherited) @executable_path/Frameworks";
				PRODUCT_BUNDLE_IDENTIFIER = com.alvaroapunto.testApp;
				PRODUCT_NAME = "$(TARGET_NAME)";
				SWIFT_VERSION = 3.0;
			};
			name = Debug;
		};
		C4ABE8141E3B7EBA00399167 /* Release */ = {
			isa = XCBuildConfiguration;
			baseConfigurationReference = 8E5C8564F4A6FE0C675D7BED /* Pods-testApp.release.xcconfig */;
			buildSettings = {
				ASSETCATALOG_COMPILER_APPICON_NAME = AppIcon;
				CODE_SIGN_ENTITLEMENTS = testApp/testApp.entitlements;
				DEVELOPMENT_TEAM = 7PT7X3EV7C;
				INFOPLIST_FILE = testApp/Info.plist;
				LD_RUNPATH_SEARCH_PATHS = "$(inherited) @executable_path/Frameworks";
				PRODUCT_BUNDLE_IDENTIFIER = com.alvaroapunto.testApp;
				PRODUCT_NAME = "$(TARGET_NAME)";
				SWIFT_VERSION = 3.0;
			};
			name = Release;
		};
		C4ABE8161E3B7EBA00399167 /* Debug */ = {
			isa = XCBuildConfiguration;
			baseConfigurationReference = CE9868AB16D6A921C747B99B /* Pods-testAppTests.debug.xcconfig */;
			buildSettings = {
				ALWAYS_EMBED_SWIFT_STANDARD_LIBRARIES = YES;
				BUNDLE_LOADER = "$(TEST_HOST)";
				DEVELOPMENT_TEAM = 7PT7X3EV7C;
				INFOPLIST_FILE = testAppTests/Info.plist;
				LD_RUNPATH_SEARCH_PATHS = "$(inherited) @executable_path/Frameworks @loader_path/Frameworks";
				PRODUCT_BUNDLE_IDENTIFIER = com.alvaroapunto.testAppTests;
				PRODUCT_NAME = "$(TARGET_NAME)";
				SWIFT_VERSION = 3.0;
				TEST_HOST = "$(BUILT_PRODUCTS_DIR)/testApp.app/testApp";
			};
			name = Debug;
		};
		C4ABE8171E3B7EBA00399167 /* Release */ = {
			isa = XCBuildConfiguration;
			baseConfigurationReference = 7EB9199C6CF1994F181129C1 /* Pods-testAppTests.release.xcconfig */;
			buildSettings = {
				ALWAYS_EMBED_SWIFT_STANDARD_LIBRARIES = YES;
				BUNDLE_LOADER = "$(TEST_HOST)";
				DEVELOPMENT_TEAM = 7PT7X3EV7C;
				INFOPLIST_FILE = testAppTests/Info.plist;
				LD_RUNPATH_SEARCH_PATHS = "$(inherited) @executable_path/Frameworks @loader_path/Frameworks";
				PRODUCT_BUNDLE_IDENTIFIER = com.alvaroapunto.testAppTests;
				PRODUCT_NAME = "$(TARGET_NAME)";
				SWIFT_VERSION = 3.0;
				TEST_HOST = "$(BUILT_PRODUCTS_DIR)/testApp.app/testApp";
			};
			name = Release;
		};
		C4ABE8191E3B7EBA00399167 /* Debug */ = {
			isa = XCBuildConfiguration;
			baseConfigurationReference = 7624767BBC690DED6208E525 /* Pods-testAppUITests.debug.xcconfig */;
			buildSettings = {
				ALWAYS_EMBED_SWIFT_STANDARD_LIBRARIES = YES;
				DEVELOPMENT_TEAM = 7PT7X3EV7C;
				INFOPLIST_FILE = testAppUITests/Info.plist;
				LD_RUNPATH_SEARCH_PATHS = "$(inherited) @executable_path/Frameworks @loader_path/Frameworks";
				PRODUCT_BUNDLE_IDENTIFIER = com.alvaroapunto.testAppUITests;
				PRODUCT_NAME = "$(TARGET_NAME)";
				SWIFT_VERSION = 3.0;
				TEST_TARGET_NAME = testApp;
			};
			name = Debug;
		};
		C4ABE81A1E3B7EBA00399167 /* Release */ = {
			isa = XCBuildConfiguration;
			baseConfigurationReference = 0C40F402F3A4B460F784FA20 /* Pods-testAppUITests.release.xcconfig */;
			buildSettings = {
				ALWAYS_EMBED_SWIFT_STANDARD_LIBRARIES = YES;
				DEVELOPMENT_TEAM = 7PT7X3EV7C;
				INFOPLIST_FILE = testAppUITests/Info.plist;
				LD_RUNPATH_SEARCH_PATHS = "$(inherited) @executable_path/Frameworks @loader_path/Frameworks";
				PRODUCT_BUNDLE_IDENTIFIER = com.alvaroapunto.testAppUITests;
				PRODUCT_NAME = "$(TARGET_NAME)";
				SWIFT_VERSION = 3.0;
				TEST_TARGET_NAME = testApp;
			};
			name = Release;
		};
/* End XCBuildConfiguration section */

/* Begin XCConfigurationList section */
		C4ABE7E51E3B7EB900399167 /* Build configuration list for PBXProject "testApp" */ = {
			isa = XCConfigurationList;
			buildConfigurations = (
				C4ABE8101E3B7EB900399167 /* Debug */,
				C4ABE8111E3B7EB900399167 /* Release */,
			);
			defaultConfigurationIsVisible = 0;
			defaultConfigurationName = Release;
		};
		C4ABE8121E3B7EBA00399167 /* Build configuration list for PBXNativeTarget "testApp" */ = {
			isa = XCConfigurationList;
			buildConfigurations = (
				C4ABE8131E3B7EBA00399167 /* Debug */,
				C4ABE8141E3B7EBA00399167 /* Release */,
			);
			defaultConfigurationIsVisible = 0;
			defaultConfigurationName = Release;
		};
		C4ABE8151E3B7EBA00399167 /* Build configuration list for PBXNativeTarget "testAppTests" */ = {
			isa = XCConfigurationList;
			buildConfigurations = (
				C4ABE8161E3B7EBA00399167 /* Debug */,
				C4ABE8171E3B7EBA00399167 /* Release */,
			);
			defaultConfigurationIsVisible = 0;
			defaultConfigurationName = Release;
		};
		C4ABE8181E3B7EBA00399167 /* Build configuration list for PBXNativeTarget "testAppUITests" */ = {
			isa = XCConfigurationList;
			buildConfigurations = (
				C4ABE8191E3B7EBA00399167 /* Debug */,
				C4ABE81A1E3B7EBA00399167 /* Release */,
			);
			defaultConfigurationIsVisible = 0;
			defaultConfigurationName = Release;
		};
/* End XCConfigurationList section */
	};
	rootObject = C4ABE7E21E3B7EB900399167 /* Project object */;
}
